// !$*UTF8*$!
{
	archiveVersion = 1;
	classes = {
	};
	objectVersion = 46;
	objects = {

/* Begin PBXBuildFile section */
		1E29A1BF1B4AF6C100A814EC /* AppDelegate.swift in Sources */ = {isa = PBXBuildFile; fileRef = 1E29A1BE1B4AF6C100A814EC /* AppDelegate.swift */; };
		1E29A1C11B4AF6C100A814EC /* ViewController.swift in Sources */ = {isa = PBXBuildFile; fileRef = 1E29A1C01B4AF6C100A814EC /* ViewController.swift */; };
		1E29A1C41B4AF6C100A814EC /* Main.storyboard in Resources */ = {isa = PBXBuildFile; fileRef = 1E29A1C21B4AF6C100A814EC /* Main.storyboard */; };
		1E29A1C61B4AF6C100A814EC /* Images.xcassets in Resources */ = {isa = PBXBuildFile; fileRef = 1E29A1C51B4AF6C100A814EC /* Images.xcassets */; };
		1E29A1C91B4AF6C100A814EC /* LaunchScreen.xib in Resources */ = {isa = PBXBuildFile; fileRef = 1E29A1C71B4AF6C100A814EC /* LaunchScreen.xib */; };
		1E29A1D51B4AF6C100A814EC /* SwiftCallBackTests.swift in Sources */ = {isa = PBXBuildFile; fileRef = 1E29A1D41B4AF6C100A814EC /* SwiftCallBackTests.swift */; };
		1E29A1DF1B4AF6D300A814EC /* SomeStackSetup.swift in Sources */ = {isa = PBXBuildFile; fileRef = 1E29A1DE1B4AF6D300A814EC /* SomeStackSetup.swift */; };
/* End PBXBuildFile section */

/* Begin PBXContainerItemProxy section */
		1E29A1CF1B4AF6C100A814EC /* PBXContainerItemProxy */ = {
			isa = PBXContainerItemProxy;
			containerPortal = 1E29A1B11B4AF6C100A814EC /* Project object */;
			proxyType = 1;
			remoteGlobalIDString = 1E29A1B81B4AF6C100A814EC;
			remoteInfo = SwiftCallBack;
		};
/* End PBXContainerItemProxy section */

/* Begin PBXFileReference section */
		1E29A1B91B4AF6C100A814EC /* SwiftCallBack.app */ = {isa = PBXFileReference; explicitFileType = wrapper.application; includeInIndex = 0; path = SwiftCallBack.app; sourceTree = BUILT_PRODUCTS_DIR; };
		1E29A1BD1B4AF6C100A814EC /* Info.plist */ = {isa = PBXFileReference; lastKnownFileType = text.plist.xml; path = Info.plist; sourceTree = "<group>"; };
		1E29A1BE1B4AF6C100A814EC /* AppDelegate.swift */ = {isa = PBXFileReference; lastKnownFileType = sourcecode.swift; path = AppDelegate.swift; sourceTree = "<group>"; };
		1E29A1C01B4AF6C100A814EC /* ViewController.swift */ = {isa = PBXFileReference; lastKnownFileType = sourcecode.swift; path = ViewController.swift; sourceTree = "<group>"; };
		1E29A1C31B4AF6C100A814EC /* Base */ = {isa = PBXFileReference; lastKnownFileType = file.storyboard; name = Base; path = Base.lproj/Main.storyboard; sourceTree = "<group>"; };
		1E29A1C51B4AF6C100A814EC /* Images.xcassets */ = {isa = PBXFileReference; lastKnownFileType = folder.assetcatalog; path = Images.xcassets; sourceTree = "<group>"; };
		1E29A1C81B4AF6C100A814EC /* Base */ = {isa = PBXFileReference; lastKnownFileType = file.xib; name = Base; path = Base.lproj/LaunchScreen.xib; sourceTree = "<group>"; };
		1E29A1CE1B4AF6C100A814EC /* SwiftCallBackTests.xctest */ = {isa = PBXFileReference; explicitFileType = wrapper.cfbundle; includeInIndex = 0; path = SwiftCallBackTests.xctest; sourceTree = BUILT_PRODUCTS_DIR; };
		1E29A1D31B4AF6C100A814EC /* Info.plist */ = {isa = PBXFileReference; lastKnownFileType = text.plist.xml; path = Info.plist; sourceTree = "<group>"; };
		1E29A1D41B4AF6C100A814EC /* SwiftCallBackTests.swift */ = {isa = PBXFileReference; lastKnownFileType = sourcecode.swift; path = SwiftCallBackTests.swift; sourceTree = "<group>"; };
		1E29A1DE1B4AF6D300A814EC /* SomeStackSetup.swift */ = {isa = PBXFileReference; fileEncoding = 4; lastKnownFileType = sourcecode.swift; path = SomeStackSetup.swift; sourceTree = "<group>"; };
/* End PBXFileReference section */

/* Begin PBXFrameworksBuildPhase section */
		1E29A1B61B4AF6C100A814EC /* Frameworks */ = {
			isa = PBXFrameworksBuildPhase;
			buildActionMask = 2147483647;
			files = (
			);
			runOnlyForDeploymentPostprocessing = 0;
		};
		1E29A1CB1B4AF6C100A814EC /* Frameworks */ = {
			isa = PBXFrameworksBuildPhase;
			buildActionMask = 2147483647;
			files = (
			);
			runOnlyForDeploymentPostprocessing = 0;
		};
/* End PBXFrameworksBuildPhase section */

/* Begin PBXGroup section */
		1E29A1B01B4AF6C100A814EC = {
			isa = PBXGroup;
			children = (
				1E29A1BB1B4AF6C100A814EC /* SwiftCallBack */,
				1E29A1D11B4AF6C100A814EC /* SwiftCallBackTests */,
				1E29A1BA1B4AF6C100A814EC /* Products */,
			);
			sourceTree = "<group>";
		};
		1E29A1BA1B4AF6C100A814EC /* Products */ = {
			isa = PBXGroup;
			children = (
				1E29A1B91B4AF6C100A814EC /* SwiftCallBack.app */,
				1E29A1CE1B4AF6C100A814EC /* SwiftCallBackTests.xctest */,
			);
			name = Products;
			sourceTree = "<group>";
		};
		1E29A1BB1B4AF6C100A814EC /* SwiftCallBack */ = {
			isa = PBXGroup;
			children = (
				1E29A1BE1B4AF6C100A814EC /* AppDelegate.swift */,
				1E29A1DE1B4AF6D300A814EC /* SomeStackSetup.swift */,
				1E29A1C01B4AF6C100A814EC /* ViewController.swift */,
				1E29A1C21B4AF6C100A814EC /* Main.storyboard */,
				1E29A1C51B4AF6C100A814EC /* Images.xcassets */,
				1E29A1C71B4AF6C100A814EC /* LaunchScreen.xib */,
				1E29A1BC1B4AF6C100A814EC /* Supporting Files */,
			);
			path = SwiftCallBack;
			sourceTree = "<group>";
		};
		1E29A1BC1B4AF6C100A814EC /* Supporting Files */ = {
			isa = PBXGroup;
			children = (
				1E29A1BD1B4AF6C100A814EC /* Info.plist */,
			);
			name = "Supporting Files";
			sourceTree = "<group>";
		};
		1E29A1D11B4AF6C100A814EC /* SwiftCallBackTests */ = {
			isa = PBXGroup;
			children = (
				1E29A1D41B4AF6C100A814EC /* SwiftCallBackTests.swift */,
				1E29A1D21B4AF6C100A814EC /* Supporting Files */,
			);
			path = SwiftCallBackTests;
			sourceTree = "<group>";
		};
		1E29A1D21B4AF6C100A814EC /* Supporting Files */ = {
			isa = PBXGroup;
			children = (
				1E29A1D31B4AF6C100A814EC /* Info.plist */,
			);
			name = "Supporting Files";
			sourceTree = "<group>";
		};
/* End PBXGroup section */

/* Begin PBXNativeTarget section */
		1E29A1B81B4AF6C100A814EC /* SwiftCallBack */ = {
			isa = PBXNativeTarget;
			buildConfigurationList = 1E29A1D81B4AF6C100A814EC /* Build configuration list for PBXNativeTarget "SwiftCallBack" */;
			buildPhases = (
				1E29A1B51B4AF6C100A814EC /* Sources */,
				1E29A1B61B4AF6C100A814EC /* Frameworks */,
				1E29A1B71B4AF6C100A814EC /* Resources */,
			);
			buildRules = (
			);
			dependencies = (
			);
			name = SwiftCallBack;
			productName = SwiftCallBack;
			productReference = 1E29A1B91B4AF6C100A814EC /* SwiftCallBack.app */;
			productType = "com.apple.product-type.application";
		};
		1E29A1CD1B4AF6C100A814EC /* SwiftCallBackTests */ = {
			isa = PBXNativeTarget;
			buildConfigurationList = 1E29A1DB1B4AF6C100A814EC /* Build configuration list for PBXNativeTarget "SwiftCallBackTests" */;
			buildPhases = (
				1E29A1CA1B4AF6C100A814EC /* Sources */,
				1E29A1CB1B4AF6C100A814EC /* Frameworks */,
				1E29A1CC1B4AF6C100A814EC /* Resources */,
			);
			buildRules = (
			);
			dependencies = (
				1E29A1D01B4AF6C100A814EC /* PBXTargetDependency */,
			);
			name = SwiftCallBackTests;
			productName = SwiftCallBackTests;
			productReference = 1E29A1CE1B4AF6C100A814EC /* SwiftCallBackTests.xctest */;
			productType = "com.apple.product-type.bundle.unit-test";
		};
/* End PBXNativeTarget section */

/* Begin PBXProject section */
		1E29A1B11B4AF6C100A814EC /* Project object */ = {
			isa = PBXProject;
			attributes = {
				LastSwiftMigration = 0700;
				LastSwiftUpdateCheck = 0700;
				LastUpgradeCheck = 0630;
				ORGANIZATIONNAME = "Franks, Kent";
				TargetAttributes = {
					1E29A1B81B4AF6C100A814EC = {
						CreatedOnToolsVersion = 6.3.2;
					};
					1E29A1CD1B4AF6C100A814EC = {
						CreatedOnToolsVersion = 6.3.2;
						TestTargetID = 1E29A1B81B4AF6C100A814EC;
					};
				};
			};
			buildConfigurationList = 1E29A1B41B4AF6C100A814EC /* Build configuration list for PBXProject "SwiftCallBack" */;
			compatibilityVersion = "Xcode 3.2";
			developmentRegion = English;
			hasScannedForEncodings = 0;
			knownRegions = (
				en,
				Base,
			);
			mainGroup = 1E29A1B01B4AF6C100A814EC;
			productRefGroup = 1E29A1BA1B4AF6C100A814EC /* Products */;
			projectDirPath = "";
			projectRoot = "";
			targets = (
				1E29A1B81B4AF6C100A814EC /* SwiftCallBack */,
				1E29A1CD1B4AF6C100A814EC /* SwiftCallBackTests */,
			);
		};
/* End PBXProject section */

/* Begin PBXResourcesBuildPhase section */
		1E29A1B71B4AF6C100A814EC /* Resources */ = {
			isa = PBXResourcesBuildPhase;
			buildActionMask = 2147483647;
			files = (
				1E29A1C41B4AF6C100A814EC /* Main.storyboard in Resources */,
				1E29A1C91B4AF6C100A814EC /* LaunchScreen.xib in Resources */,
				1E29A1C61B4AF6C100A814EC /* Images.xcassets in Resources */,
			);
			runOnlyForDeploymentPostprocessing = 0;
		};
		1E29A1CC1B4AF6C100A814EC /* Resources */ = {
			isa = PBXResourcesBuildPhase;
			buildActionMask = 2147483647;
			files = (
			);
			runOnlyForDeploymentPostprocessing = 0;
		};
/* End PBXResourcesBuildPhase section */

/* Begin PBXSourcesBuildPhase section */
		1E29A1B51B4AF6C100A814EC /* Sources */ = {
			isa = PBXSourcesBuildPhase;
			buildActionMask = 2147483647;
			files = (
				1E29A1C11B4AF6C100A814EC /* ViewController.swift in Sources */,
				1E29A1DF1B4AF6D300A814EC /* SomeStackSetup.swift in Sources */,
				1E29A1BF1B4AF6C100A814EC /* AppDelegate.swift in Sources */,
			);
			runOnlyForDeploymentPostprocessing = 0;
		};
		1E29A1CA1B4AF6C100A814EC /* Sources */ = {
			isa = PBXSourcesBuildPhase;
			buildActionMask = 2147483647;
			files = (
				1E29A1D51B4AF6C100A814EC /* SwiftCallBackTests.swift in Sources */,
			);
			runOnlyForDeploymentPostprocessing = 0;
		};
/* End PBXSourcesBuildPhase section */

/* Begin PBXTargetDependency section */
		1E29A1D01B4AF6C100A814EC /* PBXTargetDependency */ = {
			isa = PBXTargetDependency;
			target = 1E29A1B81B4AF6C100A814EC /* SwiftCallBack */;
			targetProxy = 1E29A1CF1B4AF6C100A814EC /* PBXContainerItemProxy */;
		};
/* End PBXTargetDependency section */

/* Begin PBXVariantGroup section */
		1E29A1C21B4AF6C100A814EC /* Main.storyboard */ = {
			isa = PBXVariantGroup;
			children = (
				1E29A1C31B4AF6C100A814EC /* Base */,
			);
			name = Main.storyboard;
			sourceTree = "<group>";
		};
		1E29A1C71B4AF6C100A814EC /* LaunchScreen.xib */ = {
			isa = PBXVariantGroup;
			children = (
				1E29A1C81B4AF6C100A814EC /* Base */,
			);
			name = LaunchScreen.xib;
			sourceTree = "<group>";
		};
/* End PBXVariantGroup section */

/* Begin XCBuildConfiguration section */
		1E29A1D61B4AF6C100A814EC /* Debug */ = {
			isa = XCBuildConfiguration;
			buildSettings = {
				ALWAYS_SEARCH_USER_PATHS = NO;
				CLANG_CXX_LANGUAGE_STANDARD = "gnu++0x";
				CLANG_CXX_LIBRARY = "libc++";
				CLANG_ENABLE_MODULES = YES;
				CLANG_ENABLE_OBJC_ARC = YES;
				CLANG_WARN_BOOL_CONVERSION = YES;
				CLANG_WARN_CONSTANT_CONVERSION = YES;
				CLANG_WARN_DIRECT_OBJC_ISA_USAGE = YES_ERROR;
				CLANG_WARN_EMPTY_BODY = YES;
				CLANG_WARN_ENUM_CONVERSION = YES;
				CLANG_WARN_INT_CONVERSION = YES;
				CLANG_WARN_OBJC_ROOT_CLASS = YES_ERROR;
				CLANG_WARN_UNREACHABLE_CODE = YES;
				CLANG_WARN__DUPLICATE_METHOD_MATCH = YES;
				"CODE_SIGN_IDENTITY[sdk=iphoneos*]" = "iPhone Developer";
				COPY_PHASE_STRIP = NO;
				DEBUG_INFORMATION_FORMAT = "dwarf-with-dsym";
				ENABLE_STRICT_OBJC_MSGSEND = YES;
				GCC_C_LANGUAGE_STANDARD = gnu99;
				GCC_DYNAMIC_NO_PIC = NO;
				GCC_NO_COMMON_BLOCKS = YES;
				GCC_OPTIMIZATION_LEVEL = 0;
				GCC_PREPROCESSOR_DEFINITIONS = (
					"DEBUG=1",
					"$(inherited)",
				);
				GCC_SYMBOLS_PRIVATE_EXTERN = NO;
				GCC_WARN_64_TO_32_BIT_CONVERSION = YES;
				GCC_WARN_ABOUT_RETURN_TYPE = YES_ERROR;
				GCC_WARN_UNDECLARED_SELECTOR = YES;
				GCC_WARN_UNINITIALIZED_AUTOS = YES_AGGRESSIVE;
				GCC_WARN_UNUSED_FUNCTION = YES;
				GCC_WARN_UNUSED_VARIABLE = YES;
				IPHONEOS_DEPLOYMENT_TARGET = 8.3;
				MTL_ENABLE_DEBUG_INFO = YES;
				ONLY_ACTIVE_ARCH = YES;
				SDKROOT = iphoneos;
				SWIFT_OPTIMIZATION_LEVEL = "-Onone";
				TARGETED_DEVICE_FAMILY = "1,2";
			};
			name = Debug;
		};
		1E29A1D71B4AF6C100A814EC /* Release */ = {
			isa = XCBuildConfiguration;
			buildSettings = {
				ALWAYS_SEARCH_USER_PATHS = NO;
				CLANG_CXX_LANGUAGE_STANDARD = "gnu++0x";
				CLANG_CXX_LIBRARY = "libc++";
				CLANG_ENABLE_MODULES = YES;
				CLANG_ENABLE_OBJC_ARC = YES;
				CLANG_WARN_BOOL_CONVERSION = YES;
				CLANG_WARN_CONSTANT_CONVERSION = YES;
				CLANG_WARN_DIRECT_OBJC_ISA_USAGE = YES_ERROR;
				CLANG_WARN_EMPTY_BODY = YES;
				CLANG_WARN_ENUM_CONVERSION = YES;
				CLANG_WARN_INT_CONVERSION = YES;
				CLANG_WARN_OBJC_ROOT_CLASS = YES_ERROR;
				CLANG_WARN_UNREACHABLE_CODE = YES;
				CLANG_WARN__DUPLICATE_METHOD_MATCH = YES;
				"CODE_SIGN_IDENTITY[sdk=iphoneos*]" = "iPhone Developer";
				COPY_PHASE_STRIP = NO;
				DEBUG_INFORMATION_FORMAT = "dwarf-with-dsym";
				ENABLE_NS_ASSERTIONS = NO;
				ENABLE_STRICT_OBJC_MSGSEND = YES;
				GCC_C_LANGUAGE_STANDARD = gnu99;
				GCC_NO_COMMON_BLOCKS = YES;
				GCC_WARN_64_TO_32_BIT_CONVERSION = YES;
				GCC_WARN_ABOUT_RETURN_TYPE = YES_ERROR;
				GCC_WARN_UNDECLARED_SELECTOR = YES;
				GCC_WARN_UNINITIALIZED_AUTOS = YES_AGGRESSIVE;
				GCC_WARN_UNUSED_FUNCTION = YES;
				GCC_WARN_UNUSED_VARIABLE = YES;
				IPHONEOS_DEPLOYMENT_TARGET = 8.3;
				MTL_ENABLE_DEBUG_INFO = NO;
				SDKROOT = iphoneos;
				TARGETED_DEVICE_FAMILY = "1,2";
				VALIDATE_PRODUCT = YES;
			};
			name = Release;
		};
		1E29A1D91B4AF6C100A814EC /* Debug */ = {
			isa = XCBuildConfiguration;
			buildSettings = {
				ASSETCATALOG_COMPILER_APPICON_NAME = AppIcon;
				INFOPLIST_FILE = SwiftCallBack/Info.plist;
				LD_RUNPATH_SEARCH_PATHS = "$(inherited) @executable_path/Frameworks";
				PRODUCT_NAME = "$(TARGET_NAME)";
			};
			name = Debug;
		};
		1E29A1DA1B4AF6C100A814EC /* Release */ = {
			isa = XCBuildConfiguration;
			buildSettings = {
				ASSETCATALOG_COMPILER_APPICON_NAME = AppIcon;
				INFOPLIST_FILE = SwiftCallBack/Info.plist;
				LD_RUNPATH_SEARCH_PATHS = "$(inherited) @executable_path/Frameworks";
				PRODUCT_NAME = "$(TARGET_NAME)";
			};
			name = Release;
		};
		1E29A1DC1B4AF6C100A814EC /* Debug */ = {
			isa = XCBuildConfiguration;
			buildSettings = {
				BUNDLE_LOADER = "$(TEST_HOST)";
				FRAMEWORK_SEARCH_PATHS = (
					"$(SDKROOT)/Developer/Library/Frameworks",
					"$(inherited)",
				);
				GCC_PREPROCESSOR_DEFINITIONS = (
					"DEBUG=1",
					"$(inherited)",
				);
				INFOPLIST_FILE = SwiftCallBackTests/Info.plist;
				LD_RUNPATH_SEARCH_PATHS = "$(inherited) @executable_path/Frameworks @loader_path/Frameworks";
				PRODUCT_NAME = "$(TARGET_NAME)";
				TEST_HOST = "$(BUILT_PRODUCTS_DIR)/SwiftCallBack.app/SwiftCallBack";
			};
			name = Debug;
		};
		1E29A1DD1B4AF6C100A814EC /* Release */ = {
			isa = XCBuildConfiguration;
			buildSettings = {
				BUNDLE_LOADER = "$(TEST_HOST)";
				FRAMEWORK_SEARCH_PATHS = (
					"$(SDKROOT)/Developer/Library/Frameworks",
					"$(inherited)",
				);
				INFOPLIST_FILE = SwiftCallBackTests/Info.plist;
				LD_RUNPATH_SEARCH_PATHS = "$(inherited) @executable_path/Frameworks @loader_path/Frameworks";
				PRODUCT_NAME = "$(TARGET_NAME)";
				TEST_HOST = "$(BUILT_PRODUCTS_DIR)/SwiftCallBack.app/SwiftCallBack";
			};
			name = Release;
		};
/* End XCBuildConfiguration section */

/* Begin XCConfigurationList section */
		1E29A1B41B4AF6C100A814EC /* Build configuration list for PBXProject "SwiftCallBack" */ = {
			isa = XCConfigurationList;
			buildConfigurations = (
				1E29A1D61B4AF6C100A814EC /* Debug */,
				1E29A1D71B4AF6C100A814EC /* Release */,
			);
			defaultConfigurationIsVisible = 0;
			defaultConfigurationName = Release;
		};
		1E29A1D81B4AF6C100A814EC /* Build configuration list for PBXNativeTarget "SwiftCallBack" */ = {
			isa = XCConfigurationList;
			buildConfigurations = (
				1E29A1D91B4AF6C100A814EC /* Debug */,
				1E29A1DA1B4AF6C100A814EC /* Release */,
			);
			defaultConfigurationIsVisible = 0;
			defaultConfigurationName = Release;
		};
		1E29A1DB1B4AF6C100A814EC /* Build configuration list for PBXNativeTarget "SwiftCallBackTests" */ = {
			isa = XCConfigurationList;
			buildConfigurations = (
				1E29A1DC1B4AF6C100A814EC /* Debug */,
				1E29A1DD1B4AF6C100A814EC /* Release */,
			);
			defaultConfigurationIsVisible = 0;
			defaultConfigurationName = Release;
		};
/* End XCConfigurationList section */
	};
	rootObject = 1E29A1B11B4AF6C100A814EC /* Project object */;
}
